// !$*UTF8*$!
{
	archiveVersion = 1;
	classes = {
	};
	objectVersion = 50;
	objects = {

/* Begin PBXBuildFile section */
		C9549E2C1E96961D0020674F /* NeblinaControl.swift in Sources */ = {isa = PBXBuildFile; fileRef = C9549E2A1E96961D0020674F /* NeblinaControl.swift */; };
		C9D8CAB71CEF9F9400F9359B /* AppDelegate.swift in Sources */ = {isa = PBXBuildFile; fileRef = C9D8CAB61CEF9F9400F9359B /* AppDelegate.swift */; };
		C9D8CAB91CEF9F9400F9359B /* ViewController.swift in Sources */ = {isa = PBXBuildFile; fileRef = C9D8CAB81CEF9F9400F9359B /* ViewController.swift */; };
		C9D8CABB1CEF9F9400F9359B /* Assets.xcassets in Resources */ = {isa = PBXBuildFile; fileRef = C9D8CABA1CEF9F9400F9359B /* Assets.xcassets */; };
		C9D8CABE1CEF9F9400F9359B /* Main.storyboard in Resources */ = {isa = PBXBuildFile; fileRef = C9D8CABC1CEF9F9400F9359B /* Main.storyboard */; };
		C9D8CAC91CEF9F9400F9359B /* NebCtrlPanelTests.swift in Sources */ = {isa = PBXBuildFile; fileRef = C9D8CAC81CEF9F9400F9359B /* NebCtrlPanelTests.swift */; };
		C9D8CAD41CEF9F9400F9359B /* NebCtrlPanelUITests.swift in Sources */ = {isa = PBXBuildFile; fileRef = C9D8CAD31CEF9F9400F9359B /* NebCtrlPanelUITests.swift */; };
		C9D8CAE81CEFA0E700F9359B /* Neblina.swift in Sources */ = {isa = PBXBuildFile; fileRef = C9D8CAE61CEFA0E700F9359B /* Neblina.swift */; };
		C9D8CAED1CEFA29600F9359B /* art.scnassets in Resources */ = {isa = PBXBuildFile; fileRef = C9D8CAEC1CEFA29600F9359B /* art.scnassets */; };
		C9E62C551D9ED68B0040D053 /* CoreBluetooth.framework in Frameworks */ = {isa = PBXBuildFile; fileRef = C9E62C541D9ED68B0040D053 /* CoreBluetooth.framework */; };
/* End PBXBuildFile section */

/* Begin PBXContainerItemProxy section */
		C9D8CAC51CEF9F9400F9359B /* PBXContainerItemProxy */ = {
			isa = PBXContainerItemProxy;
			containerPortal = C9D8CAAB1CEF9F9400F9359B /* Project object */;
			proxyType = 1;
			remoteGlobalIDString = C9D8CAB21CEF9F9400F9359B;
			remoteInfo = NebCtrlPanel;
		};
		C9D8CAD01CEF9F9400F9359B /* PBXContainerItemProxy */ = {
			isa = PBXContainerItemProxy;
			containerPortal = C9D8CAAB1CEF9F9400F9359B /* Project object */;
			proxyType = 1;
			remoteGlobalIDString = C9D8CAB21CEF9F9400F9359B;
			remoteInfo = NebCtrlPanel;
		};
/* End PBXContainerItemProxy section */

/* Begin PBXFileReference section */
		C9549E2A1E96961D0020674F /* NeblinaControl.swift */ = {isa = PBXFileReference; fileEncoding = 4; lastKnownFileType = sourcecode.swift; name = NeblinaControl.swift; path = ../../../src/NeblinaControl.swift; sourceTree = "<group>"; };
		C9549E2B1E96961D0020674F /* neblinaFusion.h */ = {isa = PBXFileReference; fileEncoding = 4; lastKnownFileType = sourcecode.c.h; name = neblinaFusion.h; path = ../../../src/neblinaFusion.h; sourceTree = "<group>"; };
		C9D8CAB31CEF9F9400F9359B /* NebCtrlPanel.app */ = {isa = PBXFileReference; explicitFileType = wrapper.application; includeInIndex = 0; path = NebCtrlPanel.app; sourceTree = BUILT_PRODUCTS_DIR; };
		C9D8CAB61CEF9F9400F9359B /* AppDelegate.swift */ = {isa = PBXFileReference; lastKnownFileType = sourcecode.swift; path = AppDelegate.swift; sourceTree = "<group>"; };
		C9D8CAB81CEF9F9400F9359B /* ViewController.swift */ = {isa = PBXFileReference; lastKnownFileType = sourcecode.swift; path = ViewController.swift; sourceTree = "<group>"; };
		C9D8CABA1CEF9F9400F9359B /* Assets.xcassets */ = {isa = PBXFileReference; lastKnownFileType = folder.assetcatalog; path = Assets.xcassets; sourceTree = "<group>"; };
		C9D8CABD1CEF9F9400F9359B /* Base */ = {isa = PBXFileReference; lastKnownFileType = file.storyboard; name = Base; path = Base.lproj/Main.storyboard; sourceTree = "<group>"; };
		C9D8CABF1CEF9F9400F9359B /* Info.plist */ = {isa = PBXFileReference; lastKnownFileType = text.plist.xml; path = Info.plist; sourceTree = "<group>"; };
		C9D8CAC41CEF9F9400F9359B /* NebCtrlPanelTests.xctest */ = {isa = PBXFileReference; explicitFileType = wrapper.cfbundle; includeInIndex = 0; path = NebCtrlPanelTests.xctest; sourceTree = BUILT_PRODUCTS_DIR; };
		C9D8CAC81CEF9F9400F9359B /* NebCtrlPanelTests.swift */ = {isa = PBXFileReference; lastKnownFileType = sourcecode.swift; path = NebCtrlPanelTests.swift; sourceTree = "<group>"; };
		C9D8CACA1CEF9F9400F9359B /* Info.plist */ = {isa = PBXFileReference; lastKnownFileType = text.plist.xml; path = Info.plist; sourceTree = "<group>"; };
		C9D8CACF1CEF9F9400F9359B /* NebCtrlPanelUITests.xctest */ = {isa = PBXFileReference; explicitFileType = wrapper.cfbundle; includeInIndex = 0; path = NebCtrlPanelUITests.xctest; sourceTree = BUILT_PRODUCTS_DIR; };
		C9D8CAD31CEF9F9400F9359B /* NebCtrlPanelUITests.swift */ = {isa = PBXFileReference; lastKnownFileType = sourcecode.swift; path = NebCtrlPanelUITests.swift; sourceTree = "<group>"; };
		C9D8CAD51CEF9F9400F9359B /* Info.plist */ = {isa = PBXFileReference; lastKnownFileType = text.plist.xml; path = Info.plist; sourceTree = "<group>"; };
		C9D8CAE41CEFA0E700F9359B /* Neblina-Bridging-Header.h */ = {isa = PBXFileReference; fileEncoding = 4; lastKnownFileType = sourcecode.c.h; name = "Neblina-Bridging-Header.h"; path = "../../../src/Neblina-Bridging-Header.h"; sourceTree = "<group>"; };
		C9D8CAE51CEFA0E700F9359B /* neblina.h */ = {isa = PBXFileReference; fileEncoding = 4; lastKnownFileType = sourcecode.c.h; name = neblina.h; path = ../../../src/neblina.h; sourceTree = "<group>"; };
		C9D8CAE61CEFA0E700F9359B /* Neblina.swift */ = {isa = PBXFileReference; fileEncoding = 4; lastKnownFileType = sourcecode.swift; name = Neblina.swift; path = ../../../src/Neblina.swift; sourceTree = "<group>"; };
		C9D8CAEC1CEFA29600F9359B /* art.scnassets */ = {isa = PBXFileReference; lastKnownFileType = wrapper.scnassets; name = art.scnassets; path = ../../../art.scnassets; sourceTree = "<group>"; };
		C9E62C541D9ED68B0040D053 /* CoreBluetooth.framework */ = {isa = PBXFileReference; lastKnownFileType = wrapper.framework; name = CoreBluetooth.framework; path = System/Library/Frameworks/CoreBluetooth.framework; sourceTree = SDKROOT; };
/* End PBXFileReference section */

/* Begin PBXFrameworksBuildPhase section */
		C9D8CAB01CEF9F9400F9359B /* Frameworks */ = {
			isa = PBXFrameworksBuildPhase;
			buildActionMask = 2147483647;
			files = (
				C9E62C551D9ED68B0040D053 /* CoreBluetooth.framework in Frameworks */,
			);
			runOnlyForDeploymentPostprocessing = 0;
		};
		C9D8CAC11CEF9F9400F9359B /* Frameworks */ = {
			isa = PBXFrameworksBuildPhase;
			buildActionMask = 2147483647;
			files = (
			);
			runOnlyForDeploymentPostprocessing = 0;
		};
		C9D8CACC1CEF9F9400F9359B /* Frameworks */ = {
			isa = PBXFrameworksBuildPhase;
			buildActionMask = 2147483647;
			files = (
			);
			runOnlyForDeploymentPostprocessing = 0;
		};
/* End PBXFrameworksBuildPhase section */

/* Begin PBXGroup section */
		C9D8CAAA1CEF9F9400F9359B = {
			isa = PBXGroup;
			children = (
				C9D8CAB51CEF9F9400F9359B /* NebCtrlPanel */,
				C9D8CAC71CEF9F9400F9359B /* NebCtrlPanelTests */,
				C9D8CAD21CEF9F9400F9359B /* NebCtrlPanelUITests */,
				C9D8CAB41CEF9F9400F9359B /* Products */,
				C9E62C531D9ED68B0040D053 /* Frameworks */,
			);
			sourceTree = "<group>";
		};
		C9D8CAB41CEF9F9400F9359B /* Products */ = {
			isa = PBXGroup;
			children = (
				C9D8CAB31CEF9F9400F9359B /* NebCtrlPanel.app */,
				C9D8CAC41CEF9F9400F9359B /* NebCtrlPanelTests.xctest */,
				C9D8CACF1CEF9F9400F9359B /* NebCtrlPanelUITests.xctest */,
			);
			name = Products;
			sourceTree = "<group>";
		};
		C9D8CAB51CEF9F9400F9359B /* NebCtrlPanel */ = {
			isa = PBXGroup;
			children = (
				C9549E2A1E96961D0020674F /* NeblinaControl.swift */,
				C9549E2B1E96961D0020674F /* neblinaFusion.h */,
				C9D8CAEC1CEFA29600F9359B /* art.scnassets */,
				C9D8CAE41CEFA0E700F9359B /* Neblina-Bridging-Header.h */,
				C9D8CAE51CEFA0E700F9359B /* neblina.h */,
				C9D8CAE61CEFA0E700F9359B /* Neblina.swift */,
				C9D8CAB61CEF9F9400F9359B /* AppDelegate.swift */,
				C9D8CAB81CEF9F9400F9359B /* ViewController.swift */,
				C9D8CABA1CEF9F9400F9359B /* Assets.xcassets */,
				C9D8CABC1CEF9F9400F9359B /* Main.storyboard */,
				C9D8CABF1CEF9F9400F9359B /* Info.plist */,
			);
			path = NebCtrlPanel;
			sourceTree = "<group>";
		};
		C9D8CAC71CEF9F9400F9359B /* NebCtrlPanelTests */ = {
			isa = PBXGroup;
			children = (
				C9D8CAC81CEF9F9400F9359B /* NebCtrlPanelTests.swift */,
				C9D8CACA1CEF9F9400F9359B /* Info.plist */,
			);
			path = NebCtrlPanelTests;
			sourceTree = "<group>";
		};
		C9D8CAD21CEF9F9400F9359B /* NebCtrlPanelUITests */ = {
			isa = PBXGroup;
			children = (
				C9D8CAD31CEF9F9400F9359B /* NebCtrlPanelUITests.swift */,
				C9D8CAD51CEF9F9400F9359B /* Info.plist */,
			);
			path = NebCtrlPanelUITests;
			sourceTree = "<group>";
		};
		C9E62C531D9ED68B0040D053 /* Frameworks */ = {
			isa = PBXGroup;
			children = (
				C9E62C541D9ED68B0040D053 /* CoreBluetooth.framework */,
			);
			name = Frameworks;
			sourceTree = "<group>";
		};
/* End PBXGroup section */

/* Begin PBXNativeTarget section */
		C9D8CAB21CEF9F9400F9359B /* NebCtrlPanel */ = {
			isa = PBXNativeTarget;
			buildConfigurationList = C9D8CAD81CEF9F9400F9359B /* Build configuration list for PBXNativeTarget "NebCtrlPanel" */;
			buildPhases = (
				C9D8CAAF1CEF9F9400F9359B /* Sources */,
				C9D8CAB01CEF9F9400F9359B /* Frameworks */,
				C9D8CAB11CEF9F9400F9359B /* Resources */,
			);
			buildRules = (
			);
			dependencies = (
			);
			name = NebCtrlPanel;
			productName = NebCtrlPanel;
			productReference = C9D8CAB31CEF9F9400F9359B /* NebCtrlPanel.app */;
			productType = "com.apple.product-type.application";
		};
		C9D8CAC31CEF9F9400F9359B /* NebCtrlPanelTests */ = {
			isa = PBXNativeTarget;
			buildConfigurationList = C9D8CADB1CEF9F9400F9359B /* Build configuration list for PBXNativeTarget "NebCtrlPanelTests" */;
			buildPhases = (
				C9D8CAC01CEF9F9400F9359B /* Sources */,
				C9D8CAC11CEF9F9400F9359B /* Frameworks */,
				C9D8CAC21CEF9F9400F9359B /* Resources */,
			);
			buildRules = (
			);
			dependencies = (
				C9D8CAC61CEF9F9400F9359B /* PBXTargetDependency */,
			);
			name = NebCtrlPanelTests;
			productName = NebCtrlPanelTests;
			productReference = C9D8CAC41CEF9F9400F9359B /* NebCtrlPanelTests.xctest */;
			productType = "com.apple.product-type.bundle.unit-test";
		};
		C9D8CACE1CEF9F9400F9359B /* NebCtrlPanelUITests */ = {
			isa = PBXNativeTarget;
			buildConfigurationList = C9D8CADE1CEF9F9400F9359B /* Build configuration list for PBXNativeTarget "NebCtrlPanelUITests" */;
			buildPhases = (
				C9D8CACB1CEF9F9400F9359B /* Sources */,
				C9D8CACC1CEF9F9400F9359B /* Frameworks */,
				C9D8CACD1CEF9F9400F9359B /* Resources */,
			);
			buildRules = (
			);
			dependencies = (
				C9D8CAD11CEF9F9400F9359B /* PBXTargetDependency */,
			);
			name = NebCtrlPanelUITests;
			productName = NebCtrlPanelUITests;
			productReference = C9D8CACF1CEF9F9400F9359B /* NebCtrlPanelUITests.xctest */;
			productType = "com.apple.product-type.bundle.ui-testing";
		};
/* End PBXNativeTarget section */

/* Begin PBXProject section */
		C9D8CAAB1CEF9F9400F9359B /* Project object */ = {
			isa = PBXProject;
			attributes = {
				LastSwiftUpdateCheck = 0730;
				LastUpgradeCheck = 0730;
				ORGANIZATIONNAME = Motsai;
				TargetAttributes = {
					C9D8CAB21CEF9F9400F9359B = {
						CreatedOnToolsVersion = 7.3.1;
						LastSwiftMigration = 0800;
					};
					C9D8CAC31CEF9F9400F9359B = {
						CreatedOnToolsVersion = 7.3.1;
						LastSwiftMigration = 0800;
						TestTargetID = C9D8CAB21CEF9F9400F9359B;
					};
					C9D8CACE1CEF9F9400F9359B = {
						CreatedOnToolsVersion = 7.3.1;
						LastSwiftMigration = 0800;
						TestTargetID = C9D8CAB21CEF9F9400F9359B;
					};
				};
			};
			buildConfigurationList = C9D8CAAE1CEF9F9400F9359B /* Build configuration list for PBXProject "NebCtrlPanel" */;
			compatibilityVersion = "Xcode 9.3";
			developmentRegion = English;
			hasScannedForEncodings = 0;
			knownRegions = (
				English,
				en,
				Base,
			);
			mainGroup = C9D8CAAA1CEF9F9400F9359B;
			productRefGroup = C9D8CAB41CEF9F9400F9359B /* Products */;
			projectDirPath = "";
			projectRoot = "";
			targets = (
				C9D8CAB21CEF9F9400F9359B /* NebCtrlPanel */,
				C9D8CAC31CEF9F9400F9359B /* NebCtrlPanelTests */,
				C9D8CACE1CEF9F9400F9359B /* NebCtrlPanelUITests */,
			);
		};
/* End PBXProject section */

/* Begin PBXResourcesBuildPhase section */
		C9D8CAB11CEF9F9400F9359B /* Resources */ = {
			isa = PBXResourcesBuildPhase;
			buildActionMask = 2147483647;
			files = (
				C9D8CABB1CEF9F9400F9359B /* Assets.xcassets in Resources */,
				C9D8CAED1CEFA29600F9359B /* art.scnassets in Resources */,
				C9D8CABE1CEF9F9400F9359B /* Main.storyboard in Resources */,
			);
			runOnlyForDeploymentPostprocessing = 0;
		};
		C9D8CAC21CEF9F9400F9359B /* Resources */ = {
			isa = PBXResourcesBuildPhase;
			buildActionMask = 2147483647;
			files = (
			);
			runOnlyForDeploymentPostprocessing = 0;
		};
		C9D8CACD1CEF9F9400F9359B /* Resources */ = {
			isa = PBXResourcesBuildPhase;
			buildActionMask = 2147483647;
			files = (
			);
			runOnlyForDeploymentPostprocessing = 0;
		};
/* End PBXResourcesBuildPhase section */

/* Begin PBXSourcesBuildPhase section */
		C9D8CAAF1CEF9F9400F9359B /* Sources */ = {
			isa = PBXSourcesBuildPhase;
			buildActionMask = 2147483647;
			files = (
				C9D8CAB91CEF9F9400F9359B /* ViewController.swift in Sources */,
				C9549E2C1E96961D0020674F /* NeblinaControl.swift in Sources */,
				C9D8CAB71CEF9F9400F9359B /* AppDelegate.swift in Sources */,
				C9D8CAE81CEFA0E700F9359B /* Neblina.swift in Sources */,
			);
			runOnlyForDeploymentPostprocessing = 0;
		};
		C9D8CAC01CEF9F9400F9359B /* Sources */ = {
			isa = PBXSourcesBuildPhase;
			buildActionMask = 2147483647;
			files = (
				C9D8CAC91CEF9F9400F9359B /* NebCtrlPanelTests.swift in Sources */,
			);
			runOnlyForDeploymentPostprocessing = 0;
		};
		C9D8CACB1CEF9F9400F9359B /* Sources */ = {
			isa = PBXSourcesBuildPhase;
			buildActionMask = 2147483647;
			files = (
				C9D8CAD41CEF9F9400F9359B /* NebCtrlPanelUITests.swift in Sources */,
			);
			runOnlyForDeploymentPostprocessing = 0;
		};
/* End PBXSourcesBuildPhase section */

/* Begin PBXTargetDependency section */
		C9D8CAC61CEF9F9400F9359B /* PBXTargetDependency */ = {
			isa = PBXTargetDependency;
			target = C9D8CAB21CEF9F9400F9359B /* NebCtrlPanel */;
			targetProxy = C9D8CAC51CEF9F9400F9359B /* PBXContainerItemProxy */;
		};
		C9D8CAD11CEF9F9400F9359B /* PBXTargetDependency */ = {
			isa = PBXTargetDependency;
			target = C9D8CAB21CEF9F9400F9359B /* NebCtrlPanel */;
			targetProxy = C9D8CAD01CEF9F9400F9359B /* PBXContainerItemProxy */;
		};
/* End PBXTargetDependency section */

/* Begin PBXVariantGroup section */
		C9D8CABC1CEF9F9400F9359B /* Main.storyboard */ = {
			isa = PBXVariantGroup;
			children = (
				C9D8CABD1CEF9F9400F9359B /* Base */,
			);
			name = Main.storyboard;
			sourceTree = "<group>";
		};
/* End PBXVariantGroup section */

/* Begin XCBuildConfiguration section */
		C9D8CAD61CEF9F9400F9359B /* Debug */ = {
			isa = XCBuildConfiguration;
			buildSettings = {
				ALWAYS_SEARCH_USER_PATHS = NO;
				CLANG_ANALYZER_NONNULL = YES;
				CLANG_CXX_LANGUAGE_STANDARD = "gnu++0x";
				CLANG_CXX_LIBRARY = "libc++";
				CLANG_ENABLE_MODULES = YES;
				CLANG_ENABLE_OBJC_ARC = YES;
				CLANG_WARN_BOOL_CONVERSION = YES;
				CLANG_WARN_CONSTANT_CONVERSION = YES;
				CLANG_WARN_DIRECT_OBJC_ISA_USAGE = YES_ERROR;
				CLANG_WARN_EMPTY_BODY = YES;
				CLANG_WARN_ENUM_CONVERSION = YES;
				CLANG_WARN_INT_CONVERSION = YES;
				CLANG_WARN_OBJC_ROOT_CLASS = YES_ERROR;
				CLANG_WARN_UNREACHABLE_CODE = YES;
				CLANG_WARN__DUPLICATE_METHOD_MATCH = YES;
				CODE_SIGN_IDENTITY = "-";
				COPY_PHASE_STRIP = NO;
				DEBUG_INFORMATION_FORMAT = dwarf;
				ENABLE_STRICT_OBJC_MSGSEND = YES;
				ENABLE_TESTABILITY = YES;
				GCC_C_LANGUAGE_STANDARD = gnu99;
				GCC_DYNAMIC_NO_PIC = NO;
				GCC_NO_COMMON_BLOCKS = YES;
				GCC_OPTIMIZATION_LEVEL = 0;
				GCC_PREPROCESSOR_DEFINITIONS = (
					"DEBUG=1",
					"$(inherited)",
				);
				GCC_WARN_64_TO_32_BIT_CONVERSION = YES;
				GCC_WARN_ABOUT_RETURN_TYPE = YES_ERROR;
				GCC_WARN_UNDECLARED_SELECTOR = YES;
				GCC_WARN_UNINITIALIZED_AUTOS = YES_AGGRESSIVE;
				GCC_WARN_UNUSED_FUNCTION = YES;
				GCC_WARN_UNUSED_VARIABLE = YES;
				MACOSX_DEPLOYMENT_TARGET = 10.11;
				MTL_ENABLE_DEBUG_INFO = YES;
				ONLY_ACTIVE_ARCH = YES;
				SDKROOT = macosx;
				SWIFT_OPTIMIZATION_LEVEL = "-Onone";
				SWIFT_VERSION = 5.0;
			};
			name = Debug;
		};
		C9D8CAD71CEF9F9400F9359B /* Release */ = {
			isa = XCBuildConfiguration;
			buildSettings = {
				ALWAYS_SEARCH_USER_PATHS = NO;
				CLANG_ANALYZER_NONNULL = YES;
				CLANG_CXX_LANGUAGE_STANDARD = "gnu++0x";
				CLANG_CXX_LIBRARY = "libc++";
				CLANG_ENABLE_MODULES = YES;
				CLANG_ENABLE_OBJC_ARC = YES;
				CLANG_WARN_BOOL_CONVERSION = YES;
				CLANG_WARN_CONSTANT_CONVERSION = YES;
				CLANG_WARN_DIRECT_OBJC_ISA_USAGE = YES_ERROR;
				CLANG_WARN_EMPTY_BODY = YES;
				CLANG_WARN_ENUM_CONVERSION = YES;
				CLANG_WARN_INT_CONVERSION = YES;
				CLANG_WARN_OBJC_ROOT_CLASS = YES_ERROR;
				CLANG_WARN_UNREACHABLE_CODE = YES;
				CLANG_WARN__DUPLICATE_METHOD_MATCH = YES;
				CODE_SIGN_IDENTITY = "-";
				COPY_PHASE_STRIP = NO;
				DEBUG_INFORMATION_FORMAT = "dwarf-with-dsym";
				ENABLE_NS_ASSERTIONS = NO;
				ENABLE_STRICT_OBJC_MSGSEND = YES;
				GCC_C_LANGUAGE_STANDARD = gnu99;
				GCC_NO_COMMON_BLOCKS = YES;
				GCC_WARN_64_TO_32_BIT_CONVERSION = YES;
				GCC_WARN_ABOUT_RETURN_TYPE = YES_ERROR;
				GCC_WARN_UNDECLARED_SELECTOR = YES;
				GCC_WARN_UNINITIALIZED_AUTOS = YES_AGGRESSIVE;
				GCC_WARN_UNUSED_FUNCTION = YES;
				GCC_WARN_UNUSED_VARIABLE = YES;
				MACOSX_DEPLOYMENT_TARGET = 10.11;
				MTL_ENABLE_DEBUG_INFO = NO;
				SDKROOT = macosx;
				SWIFT_VERSION = 5.0;
			};
			name = Release;
		};
		C9D8CAD91CEF9F9400F9359B /* Debug */ = {
			isa = XCBuildConfiguration;
			buildSettings = {
				ASSETCATALOG_COMPILER_APPICON_NAME = AppIcon;
				CLANG_ENABLE_MODULES = YES;
				COMBINE_HIDPI_IMAGES = YES;
				INFOPLIST_FILE = NebCtrlPanel/Info.plist;
				LD_RUNPATH_SEARCH_PATHS = (
					"$(inherited)",
					"@executable_path/../Frameworks",
				);
				MACOSX_DEPLOYMENT_TARGET = 10.10;
				PRODUCT_BUNDLE_IDENTIFIER = com.motsai.NebCtrlPanel;
				PRODUCT_NAME = "$(TARGET_NAME)";
				SDKROOT = macosx;
				SWIFT_OBJC_BRIDGING_HEADER = "../../src/Neblina-Bridging-Header.h";
				SWIFT_OPTIMIZATION_LEVEL = "-Onone";
				SWIFT_VERSION = 5.0;
			};
			name = Debug;
		};
		C9D8CADA1CEF9F9400F9359B /* Release */ = {
			isa = XCBuildConfiguration;
			buildSettings = {
				ASSETCATALOG_COMPILER_APPICON_NAME = AppIcon;
				CLANG_ENABLE_MODULES = YES;
				COMBINE_HIDPI_IMAGES = YES;
				INFOPLIST_FILE = NebCtrlPanel/Info.plist;
				LD_RUNPATH_SEARCH_PATHS = (
					"$(inherited)",
					"@executable_path/../Frameworks",
				);
				MACOSX_DEPLOYMENT_TARGET = 10.10;
				PRODUCT_BUNDLE_IDENTIFIER = com.motsai.NebCtrlPanel;
				PRODUCT_NAME = "$(TARGET_NAME)";
				SDKROOT = macosx;
				SWIFT_OBJC_BRIDGING_HEADER = "../../src/Neblina-Bridging-Header.h";
				SWIFT_VERSION = 5.0;
			};
			name = Release;
		};
		C9D8CADC1CEF9F9400F9359B /* Debug */ = {
			isa = XCBuildConfiguration;
			buildSettings = {
				BUNDLE_LOADER = "$(TEST_HOST)";
				COMBINE_HIDPI_IMAGES = YES;
				INFOPLIST_FILE = NebCtrlPanelTests/Info.plist;
				LD_RUNPATH_SEARCH_PATHS = (
					"$(inherited)",
					"@executable_path/../Frameworks",
					"@loader_path/../Frameworks",
				);
				PRODUCT_BUNDLE_IDENTIFIER = com.motsai.NebCtrlPanelTests;
				PRODUCT_NAME = "$(TARGET_NAME)";
				SWIFT_VERSION = 5.0;
				TEST_HOST = "$(BUILT_PRODUCTS_DIR)/NebCtrlPanel.app/Contents/MacOS/NebCtrlPanel";
			};
			name = Debug;
		};
		C9D8CADD1CEF9F9400F9359B /* Release */ = {
			isa = XCBuildConfiguration;
			buildSettings = {
				BUNDLE_LOADER = "$(TEST_HOST)";
				COMBINE_HIDPI_IMAGES = YES;
				INFOPLIST_FILE = NebCtrlPanelTests/Info.plist;
				LD_RUNPATH_SEARCH_PATHS = (
					"$(inherited)",
					"@executable_path/../Frameworks",
					"@loader_path/../Frameworks",
				);
				PRODUCT_BUNDLE_IDENTIFIER = com.motsai.NebCtrlPanelTests;
				PRODUCT_NAME = "$(TARGET_NAME)";
				SWIFT_VERSION = 5.0;
				TEST_HOST = "$(BUILT_PRODUCTS_DIR)/NebCtrlPanel.app/Contents/MacOS/NebCtrlPanel";
			};
			name = Release;
		};
		C9D8CADF1CEF9F9400F9359B /* Debug */ = {
			isa = XCBuildConfiguration;
			buildSettings = {
				COMBINE_HIDPI_IMAGES = YES;
				INFOPLIST_FILE = NebCtrlPanelUITests/Info.plist;
				LD_RUNPATH_SEARCH_PATHS = (
					"$(inherited)",
					"@executable_path/../Frameworks",
					"@loader_path/../Frameworks",
				);
				PRODUCT_BUNDLE_IDENTIFIER = com.motsai.NebCtrlPanelUITests;
				PRODUCT_NAME = "$(TARGET_NAME)";
				SWIFT_VERSION = 5.0;
				TEST_TARGET_NAME = NebCtrlPanel;
			};
			name = Debug;
		};
		C9D8CAE01CEF9F9400F9359B /* Release */ = {
			isa = XCBuildConfiguration;
			buildSettings = {
				COMBINE_HIDPI_IMAGES = YES;
				INFOPLIST_FILE = NebCtrlPanelUITests/Info.plist;
				LD_RUNPATH_SEARCH_PATHS = (
					"$(inherited)",
					"@executable_path/../Frameworks",
					"@loader_path/../Frameworks",
				);
				PRODUCT_BUNDLE_IDENTIFIER = com.motsai.NebCtrlPanelUITests;
				PRODUCT_NAME = "$(TARGET_NAME)";
				SWIFT_VERSION = 5.0;
				TEST_TARGET_NAME = NebCtrlPanel;
			};
			name = Release;
		};
/* End XCBuildConfiguration section */

/* Begin XCConfigurationList section */
		C9D8CAAE1CEF9F9400F9359B /* Build configuration list for PBXProject "NebCtrlPanel" */ = {
			isa = XCConfigurationList;
			buildConfigurations = (
				C9D8CAD61CEF9F9400F9359B /* Debug */,
				C9D8CAD71CEF9F9400F9359B /* Release */,
			);
			defaultConfigurationIsVisible = 0;
			defaultConfigurationName = Release;
		};
		C9D8CAD81CEF9F9400F9359B /* Build configuration list for PBXNativeTarget "NebCtrlPanel" */ = {
			isa = XCConfigurationList;
			buildConfigurations = (
				C9D8CAD91CEF9F9400F9359B /* Debug */,
				C9D8CADA1CEF9F9400F9359B /* Release */,
			);
			defaultConfigurationIsVisible = 0;
			defaultConfigurationName = Release;
		};
		C9D8CADB1CEF9F9400F9359B /* Build configuration list for PBXNativeTarget "NebCtrlPanelTests" */ = {
			isa = XCConfigurationList;
			buildConfigurations = (
				C9D8CADC1CEF9F9400F9359B /* Debug */,
				C9D8CADD1CEF9F9400F9359B /* Release */,
			);
			defaultConfigurationIsVisible = 0;
			defaultConfigurationName = Release;
		};
		C9D8CADE1CEF9F9400F9359B /* Build configuration list for PBXNativeTarget "NebCtrlPanelUITests" */ = {
			isa = XCConfigurationList;
			buildConfigurations = (
				C9D8CADF1CEF9F9400F9359B /* Debug */,
				C9D8CAE01CEF9F9400F9359B /* Release */,
			);
			defaultConfigurationIsVisible = 0;
			defaultConfigurationName = Release;
		};
/* End XCConfigurationList section */
	};
	rootObject = C9D8CAAB1CEF9F9400F9359B /* Project object */;
}
