// !$*UTF8*$!
{
	archiveVersion = 1;
	classes = {
	};
	objectVersion = 50;
	objects = {

/* Begin PBXBuildFile section */
		C938D7BB1D3D12A5004DE681 /* AppDelegate.swift in Sources */ = {isa = PBXBuildFile; fileRef = C938D7BA1D3D12A5004DE681 /* AppDelegate.swift */; };
		C938D7BD1D3D12A5004DE681 /* ViewController.swift in Sources */ = {isa = PBXBuildFile; fileRef = C938D7BC1D3D12A5004DE681 /* ViewController.swift */; };
		C938D7C01D3D12A5004DE681 /* Main.storyboard in Resources */ = {isa = PBXBuildFile; fileRef = C938D7BE1D3D12A5004DE681 /* Main.storyboard */; };
		C938D7C21D3D12A5004DE681 /* Assets.xcassets in Resources */ = {isa = PBXBuildFile; fileRef = C938D7C11D3D12A5004DE681 /* Assets.xcassets */; };
		C938D7C51D3D12A5004DE681 /* LaunchScreen.storyboard in Resources */ = {isa = PBXBuildFile; fileRef = C938D7C31D3D12A5004DE681 /* LaunchScreen.storyboard */; };
		C938D7D01D3D12A5004DE681 /* RotationInfoTests.swift in Sources */ = {isa = PBXBuildFile; fileRef = C938D7CF1D3D12A5004DE681 /* RotationInfoTests.swift */; };
		C938D7DB1D3D12A5004DE681 /* RotationInfoUITests.swift in Sources */ = {isa = PBXBuildFile; fileRef = C938D7DA1D3D12A5004DE681 /* RotationInfoUITests.swift */; };
		C938D7ED1D3D13D9004DE681 /* Neblina.swift in Sources */ = {isa = PBXBuildFile; fileRef = C938D7EB1D3D13D9004DE681 /* Neblina.swift */; };
		C938D7EF1D3D1533004DE681 /* Logo_motsai_CMYK_Final.png in Resources */ = {isa = PBXBuildFile; fileRef = C938D7EE1D3D1533004DE681 /* Logo_motsai_CMYK_Final.png */; };
		C938D7F11D3D176E004DE681 /* CoreBluetooth.framework in Frameworks */ = {isa = PBXBuildFile; fileRef = C938D7F01D3D176E004DE681 /* CoreBluetooth.framework */; };
		C9549E321E96B0CC0020674F /* NeblinaControl.swift in Sources */ = {isa = PBXBuildFile; fileRef = C9549E301E96B0CC0020674F /* NeblinaControl.swift */; };
/* End PBXBuildFile section */

/* Begin PBXContainerItemProxy section */
		C938D7CC1D3D12A5004DE681 /* PBXContainerItemProxy */ = {
			isa = PBXContainerItemProxy;
			containerPortal = C938D7AF1D3D12A5004DE681 /* Project object */;
			proxyType = 1;
			remoteGlobalIDString = C938D7B61D3D12A5004DE681;
			remoteInfo = RotationInfo;
		};
		C938D7D71D3D12A5004DE681 /* PBXContainerItemProxy */ = {
			isa = PBXContainerItemProxy;
			containerPortal = C938D7AF1D3D12A5004DE681 /* Project object */;
			proxyType = 1;
			remoteGlobalIDString = C938D7B61D3D12A5004DE681;
			remoteInfo = RotationInfo;
		};
/* End PBXContainerItemProxy section */

/* Begin PBXFileReference section */
		C938D7B71D3D12A5004DE681 /* RotationInfo.app */ = {isa = PBXFileReference; explicitFileType = wrapper.application; includeInIndex = 0; path = RotationInfo.app; sourceTree = BUILT_PRODUCTS_DIR; };
		C938D7BA1D3D12A5004DE681 /* AppDelegate.swift */ = {isa = PBXFileReference; lastKnownFileType = sourcecode.swift; path = AppDelegate.swift; sourceTree = "<group>"; };
		C938D7BC1D3D12A5004DE681 /* ViewController.swift */ = {isa = PBXFileReference; lastKnownFileType = sourcecode.swift; path = ViewController.swift; sourceTree = "<group>"; };
		C938D7BF1D3D12A5004DE681 /* Base */ = {isa = PBXFileReference; lastKnownFileType = file.storyboard; name = Base; path = Base.lproj/Main.storyboard; sourceTree = "<group>"; };
		C938D7C11D3D12A5004DE681 /* Assets.xcassets */ = {isa = PBXFileReference; lastKnownFileType = folder.assetcatalog; path = Assets.xcassets; sourceTree = "<group>"; };
		C938D7C41D3D12A5004DE681 /* Base */ = {isa = PBXFileReference; lastKnownFileType = file.storyboard; name = Base; path = Base.lproj/LaunchScreen.storyboard; sourceTree = "<group>"; };
		C938D7C61D3D12A5004DE681 /* Info.plist */ = {isa = PBXFileReference; lastKnownFileType = text.plist.xml; path = Info.plist; sourceTree = "<group>"; };
		C938D7CB1D3D12A5004DE681 /* RotationInfoTests.xctest */ = {isa = PBXFileReference; explicitFileType = wrapper.cfbundle; includeInIndex = 0; path = RotationInfoTests.xctest; sourceTree = BUILT_PRODUCTS_DIR; };
		C938D7CF1D3D12A5004DE681 /* RotationInfoTests.swift */ = {isa = PBXFileReference; lastKnownFileType = sourcecode.swift; path = RotationInfoTests.swift; sourceTree = "<group>"; };
		C938D7D11D3D12A5004DE681 /* Info.plist */ = {isa = PBXFileReference; lastKnownFileType = text.plist.xml; path = Info.plist; sourceTree = "<group>"; };
		C938D7D61D3D12A5004DE681 /* RotationInfoUITests.xctest */ = {isa = PBXFileReference; explicitFileType = wrapper.cfbundle; includeInIndex = 0; path = RotationInfoUITests.xctest; sourceTree = BUILT_PRODUCTS_DIR; };
		C938D7DA1D3D12A5004DE681 /* RotationInfoUITests.swift */ = {isa = PBXFileReference; lastKnownFileType = sourcecode.swift; path = RotationInfoUITests.swift; sourceTree = "<group>"; };
		C938D7DC1D3D12A5004DE681 /* Info.plist */ = {isa = PBXFileReference; lastKnownFileType = text.plist.xml; path = Info.plist; sourceTree = "<group>"; };
		C938D7E91D3D13D9004DE681 /* Neblina-Bridging-Header.h */ = {isa = PBXFileReference; fileEncoding = 4; lastKnownFileType = sourcecode.c.h; name = "Neblina-Bridging-Header.h"; path = "../../../src/Neblina-Bridging-Header.h"; sourceTree = "<group>"; };
		C938D7EA1D3D13D9004DE681 /* neblina.h */ = {isa = PBXFileReference; fileEncoding = 4; lastKnownFileType = sourcecode.c.h; name = neblina.h; path = ../../../src/neblina.h; sourceTree = "<group>"; };
		C938D7EB1D3D13D9004DE681 /* Neblina.swift */ = {isa = PBXFileReference; fileEncoding = 4; lastKnownFileType = sourcecode.swift; name = Neblina.swift; path = ../../../src/Neblina.swift; sourceTree = "<group>"; };
		C938D7EE1D3D1533004DE681 /* Logo_motsai_CMYK_Final.png */ = {isa = PBXFileReference; lastKnownFileType = image.png; name = Logo_motsai_CMYK_Final.png; path = ../../../art.scnassets/Logo_motsai_CMYK_Final.png; sourceTree = "<group>"; };
		C938D7F01D3D176E004DE681 /* CoreBluetooth.framework */ = {isa = PBXFileReference; lastKnownFileType = wrapper.framework; name = CoreBluetooth.framework; path = System/Library/Frameworks/CoreBluetooth.framework; sourceTree = SDKROOT; };
		C9549E301E96B0CC0020674F /* NeblinaControl.swift */ = {isa = PBXFileReference; fileEncoding = 4; lastKnownFileType = sourcecode.swift; name = NeblinaControl.swift; path = ../../../src/NeblinaControl.swift; sourceTree = "<group>"; };
		C9549E311E96B0CC0020674F /* neblinaFusion.h */ = {isa = PBXFileReference; fileEncoding = 4; lastKnownFileType = sourcecode.c.h; name = neblinaFusion.h; path = ../../../src/neblinaFusion.h; sourceTree = "<group>"; };
/* End PBXFileReference section */

/* Begin PBXFrameworksBuildPhase section */
		C938D7B41D3D12A5004DE681 /* Frameworks */ = {
			isa = PBXFrameworksBuildPhase;
			buildActionMask = 2147483647;
			files = (
				C938D7F11D3D176E004DE681 /* CoreBluetooth.framework in Frameworks */,
			);
			runOnlyForDeploymentPostprocessing = 0;
		};
		C938D7C81D3D12A5004DE681 /* Frameworks */ = {
			isa = PBXFrameworksBuildPhase;
			buildActionMask = 2147483647;
			files = (
			);
			runOnlyForDeploymentPostprocessing = 0;
		};
		C938D7D31D3D12A5004DE681 /* Frameworks */ = {
			isa = PBXFrameworksBuildPhase;
			buildActionMask = 2147483647;
			files = (
			);
			runOnlyForDeploymentPostprocessing = 0;
		};
/* End PBXFrameworksBuildPhase section */

/* Begin PBXGroup section */
		C938D7AE1D3D12A5004DE681 = {
			isa = PBXGroup;
			children = (
				C938D7F01D3D176E004DE681 /* CoreBluetooth.framework */,
				C938D7B91D3D12A5004DE681 /* RotationInfo */,
				C938D7CE1D3D12A5004DE681 /* RotationInfoTests */,
				C938D7D91D3D12A5004DE681 /* RotationInfoUITests */,
				C938D7B81D3D12A5004DE681 /* Products */,
			);
			sourceTree = "<group>";
		};
		C938D7B81D3D12A5004DE681 /* Products */ = {
			isa = PBXGroup;
			children = (
				C938D7B71D3D12A5004DE681 /* RotationInfo.app */,
				C938D7CB1D3D12A5004DE681 /* RotationInfoTests.xctest */,
				C938D7D61D3D12A5004DE681 /* RotationInfoUITests.xctest */,
			);
			name = Products;
			sourceTree = "<group>";
		};
		C938D7B91D3D12A5004DE681 /* RotationInfo */ = {
			isa = PBXGroup;
			children = (
				C9549E301E96B0CC0020674F /* NeblinaControl.swift */,
				C9549E311E96B0CC0020674F /* neblinaFusion.h */,
				C938D7E91D3D13D9004DE681 /* Neblina-Bridging-Header.h */,
				C938D7EA1D3D13D9004DE681 /* neblina.h */,
				C938D7EB1D3D13D9004DE681 /* Neblina.swift */,
				C938D7BA1D3D12A5004DE681 /* AppDelegate.swift */,
				C938D7BC1D3D12A5004DE681 /* ViewController.swift */,
				C938D7BE1D3D12A5004DE681 /* Main.storyboard */,
				C938D7C11D3D12A5004DE681 /* Assets.xcassets */,
				C938D7EE1D3D1533004DE681 /* Logo_motsai_CMYK_Final.png */,
				C938D7C31D3D12A5004DE681 /* LaunchScreen.storyboard */,
				C938D7C61D3D12A5004DE681 /* Info.plist */,
			);
			path = RotationInfo;
			sourceTree = "<group>";
		};
		C938D7CE1D3D12A5004DE681 /* RotationInfoTests */ = {
			isa = PBXGroup;
			children = (
				C938D7CF1D3D12A5004DE681 /* RotationInfoTests.swift */,
				C938D7D11D3D12A5004DE681 /* Info.plist */,
			);
			path = RotationInfoTests;
			sourceTree = "<group>";
		};
		C938D7D91D3D12A5004DE681 /* RotationInfoUITests */ = {
			isa = PBXGroup;
			children = (
				C938D7DA1D3D12A5004DE681 /* RotationInfoUITests.swift */,
				C938D7DC1D3D12A5004DE681 /* Info.plist */,
			);
			path = RotationInfoUITests;
			sourceTree = "<group>";
		};
/* End PBXGroup section */

/* Begin PBXNativeTarget section */
		C938D7B61D3D12A5004DE681 /* RotationInfo */ = {
			isa = PBXNativeTarget;
			buildConfigurationList = C938D7DF1D3D12A5004DE681 /* Build configuration list for PBXNativeTarget "RotationInfo" */;
			buildPhases = (
				C938D7B31D3D12A5004DE681 /* Sources */,
				C938D7B41D3D12A5004DE681 /* Frameworks */,
				C938D7B51D3D12A5004DE681 /* Resources */,
			);
			buildRules = (
			);
			dependencies = (
			);
			name = RotationInfo;
			productName = RotationInfo;
			productReference = C938D7B71D3D12A5004DE681 /* RotationInfo.app */;
			productType = "com.apple.product-type.application";
		};
		C938D7CA1D3D12A5004DE681 /* RotationInfoTests */ = {
			isa = PBXNativeTarget;
			buildConfigurationList = C938D7E21D3D12A5004DE681 /* Build configuration list for PBXNativeTarget "RotationInfoTests" */;
			buildPhases = (
				C938D7C71D3D12A5004DE681 /* Sources */,
				C938D7C81D3D12A5004DE681 /* Frameworks */,
				C938D7C91D3D12A5004DE681 /* Resources */,
			);
			buildRules = (
			);
			dependencies = (
				C938D7CD1D3D12A5004DE681 /* PBXTargetDependency */,
			);
			name = RotationInfoTests;
			productName = RotationInfoTests;
			productReference = C938D7CB1D3D12A5004DE681 /* RotationInfoTests.xctest */;
			productType = "com.apple.product-type.bundle.unit-test";
		};
		C938D7D51D3D12A5004DE681 /* RotationInfoUITests */ = {
			isa = PBXNativeTarget;
			buildConfigurationList = C938D7E51D3D12A5004DE681 /* Build configuration list for PBXNativeTarget "RotationInfoUITests" */;
			buildPhases = (
				C938D7D21D3D12A5004DE681 /* Sources */,
				C938D7D31D3D12A5004DE681 /* Frameworks */,
				C938D7D41D3D12A5004DE681 /* Resources */,
			);
			buildRules = (
			);
			dependencies = (
				C938D7D81D3D12A5004DE681 /* PBXTargetDependency */,
			);
			name = RotationInfoUITests;
			productName = RotationInfoUITests;
			productReference = C938D7D61D3D12A5004DE681 /* RotationInfoUITests.xctest */;
			productType = "com.apple.product-type.bundle.ui-testing";
		};
/* End PBXNativeTarget section */

/* Begin PBXProject section */
		C938D7AF1D3D12A5004DE681 /* Project object */ = {
			isa = PBXProject;
			attributes = {
				LastSwiftUpdateCheck = 0730;
				LastUpgradeCheck = 0900;
				ORGANIZATIONNAME = "Hoan Hoang";
				TargetAttributes = {
					C938D7B61D3D12A5004DE681 = {
						CreatedOnToolsVersion = 7.3.1;
						DevelopmentTeam = 4D2Y57Q3GL;
						LastSwiftMigration = 0800;
					};
					C938D7CA1D3D12A5004DE681 = {
						CreatedOnToolsVersion = 7.3.1;
						LastSwiftMigration = 0800;
						TestTargetID = C938D7B61D3D12A5004DE681;
					};
					C938D7D51D3D12A5004DE681 = {
						CreatedOnToolsVersion = 7.3.1;
						LastSwiftMigration = 0800;
						TestTargetID = C938D7B61D3D12A5004DE681;
					};
				};
			};
			buildConfigurationList = C938D7B21D3D12A5004DE681 /* Build configuration list for PBXProject "RotationInfo" */;
			compatibilityVersion = "Xcode 9.3";
			developmentRegion = English;
			hasScannedForEncodings = 0;
			knownRegions = (
				English,
				en,
				Base,
			);
			mainGroup = C938D7AE1D3D12A5004DE681;
			productRefGroup = C938D7B81D3D12A5004DE681 /* Products */;
			projectDirPath = "";
			projectRoot = "";
			targets = (
				C938D7B61D3D12A5004DE681 /* RotationInfo */,
				C938D7CA1D3D12A5004DE681 /* RotationInfoTests */,
				C938D7D51D3D12A5004DE681 /* RotationInfoUITests */,
			);
		};
/* End PBXProject section */

/* Begin PBXResourcesBuildPhase section */
		C938D7B51D3D12A5004DE681 /* Resources */ = {
			isa = PBXResourcesBuildPhase;
			buildActionMask = 2147483647;
			files = (
				C938D7C51D3D12A5004DE681 /* LaunchScreen.storyboard in Resources */,
				C938D7C21D3D12A5004DE681 /* Assets.xcassets in Resources */,
				C938D7EF1D3D1533004DE681 /* Logo_motsai_CMYK_Final.png in Resources */,
				C938D7C01D3D12A5004DE681 /* Main.storyboard in Resources */,
			);
			runOnlyForDeploymentPostprocessing = 0;
		};
		C938D7C91D3D12A5004DE681 /* Resources */ = {
			isa = PBXResourcesBuildPhase;
			buildActionMask = 2147483647;
			files = (
			);
			runOnlyForDeploymentPostprocessing = 0;
		};
		C938D7D41D3D12A5004DE681 /* Resources */ = {
			isa = PBXResourcesBuildPhase;
			buildActionMask = 2147483647;
			files = (
			);
			runOnlyForDeploymentPostprocessing = 0;
		};
/* End PBXResourcesBuildPhase section */

/* Begin PBXSourcesBuildPhase section */
		C938D7B31D3D12A5004DE681 /* Sources */ = {
			isa = PBXSourcesBuildPhase;
			buildActionMask = 2147483647;
			files = (
				C938D7BD1D3D12A5004DE681 /* ViewController.swift in Sources */,
				C9549E321E96B0CC0020674F /* NeblinaControl.swift in Sources */,
				C938D7BB1D3D12A5004DE681 /* AppDelegate.swift in Sources */,
				C938D7ED1D3D13D9004DE681 /* Neblina.swift in Sources */,
			);
			runOnlyForDeploymentPostprocessing = 0;
		};
		C938D7C71D3D12A5004DE681 /* Sources */ = {
			isa = PBXSourcesBuildPhase;
			buildActionMask = 2147483647;
			files = (
				C938D7D01D3D12A5004DE681 /* RotationInfoTests.swift in Sources */,
			);
			runOnlyForDeploymentPostprocessing = 0;
		};
		C938D7D21D3D12A5004DE681 /* Sources */ = {
			isa = PBXSourcesBuildPhase;
			buildActionMask = 2147483647;
			files = (
				C938D7DB1D3D12A5004DE681 /* RotationInfoUITests.swift in Sources */,
			);
			runOnlyForDeploymentPostprocessing = 0;
		};
/* End PBXSourcesBuildPhase section */

/* Begin PBXTargetDependency section */
		C938D7CD1D3D12A5004DE681 /* PBXTargetDependency */ = {
			isa = PBXTargetDependency;
			target = C938D7B61D3D12A5004DE681 /* RotationInfo */;
			targetProxy = C938D7CC1D3D12A5004DE681 /* PBXContainerItemProxy */;
		};
		C938D7D81D3D12A5004DE681 /* PBXTargetDependency */ = {
			isa = PBXTargetDependency;
			target = C938D7B61D3D12A5004DE681 /* RotationInfo */;
			targetProxy = C938D7D71D3D12A5004DE681 /* PBXContainerItemProxy */;
		};
/* End PBXTargetDependency section */

/* Begin PBXVariantGroup section */
		C938D7BE1D3D12A5004DE681 /* Main.storyboard */ = {
			isa = PBXVariantGroup;
			children = (
				C938D7BF1D3D12A5004DE681 /* Base */,
			);
			name = Main.storyboard;
			sourceTree = "<group>";
		};
		C938D7C31D3D12A5004DE681 /* LaunchScreen.storyboard */ = {
			isa = PBXVariantGroup;
			children = (
				C938D7C41D3D12A5004DE681 /* Base */,
			);
			name = LaunchScreen.storyboard;
			sourceTree = "<group>";
		};
/* End PBXVariantGroup section */

/* Begin XCBuildConfiguration section */
		C938D7DD1D3D12A5004DE681 /* Debug */ = {
			isa = XCBuildConfiguration;
			buildSettings = {
				ALWAYS_SEARCH_USER_PATHS = NO;
				CLANG_ANALYZER_NONNULL = YES;
				CLANG_CXX_LANGUAGE_STANDARD = "gnu++0x";
				CLANG_CXX_LIBRARY = "libc++";
				CLANG_ENABLE_MODULES = YES;
				CLANG_ENABLE_OBJC_ARC = YES;
				CLANG_WARN_BLOCK_CAPTURE_AUTORELEASING = YES;
				CLANG_WARN_BOOL_CONVERSION = YES;
				CLANG_WARN_COMMA = YES;
				CLANG_WARN_CONSTANT_CONVERSION = YES;
				CLANG_WARN_DIRECT_OBJC_ISA_USAGE = YES_ERROR;
				CLANG_WARN_EMPTY_BODY = YES;
				CLANG_WARN_ENUM_CONVERSION = YES;
				CLANG_WARN_INFINITE_RECURSION = YES;
				CLANG_WARN_INT_CONVERSION = YES;
				CLANG_WARN_NON_LITERAL_NULL_CONVERSION = YES;
				CLANG_WARN_OBJC_LITERAL_CONVERSION = YES;
				CLANG_WARN_OBJC_ROOT_CLASS = YES_ERROR;
				CLANG_WARN_RANGE_LOOP_ANALYSIS = YES;
				CLANG_WARN_STRICT_PROTOTYPES = YES;
				CLANG_WARN_SUSPICIOUS_MOVE = YES;
				CLANG_WARN_UNREACHABLE_CODE = YES;
				CLANG_WARN__DUPLICATE_METHOD_MATCH = YES;
				"CODE_SIGN_IDENTITY[sdk=iphoneos*]" = "iPhone Developer";
				COPY_PHASE_STRIP = NO;
				DEBUG_INFORMATION_FORMAT = dwarf;
				ENABLE_STRICT_OBJC_MSGSEND = YES;
				ENABLE_TESTABILITY = YES;
				GCC_C_LANGUAGE_STANDARD = gnu99;
				GCC_DYNAMIC_NO_PIC = NO;
				GCC_NO_COMMON_BLOCKS = YES;
				GCC_OPTIMIZATION_LEVEL = 0;
				GCC_PREPROCESSOR_DEFINITIONS = (
					"DEBUG=1",
					"$(inherited)",
				);
				GCC_WARN_64_TO_32_BIT_CONVERSION = YES;
				GCC_WARN_ABOUT_RETURN_TYPE = YES_ERROR;
				GCC_WARN_UNDECLARED_SELECTOR = YES;
				GCC_WARN_UNINITIALIZED_AUTOS = YES_AGGRESSIVE;
				GCC_WARN_UNUSED_FUNCTION = YES;
				GCC_WARN_UNUSED_VARIABLE = YES;
				IPHONEOS_DEPLOYMENT_TARGET = 10.0;
				MTL_ENABLE_DEBUG_INFO = YES;
				ONLY_ACTIVE_ARCH = YES;
				SDKROOT = iphoneos;
				SWIFT_OPTIMIZATION_LEVEL = "-Onone";
				SWIFT_VERSION = 5.0;
				TARGETED_DEVICE_FAMILY = "1,2";
			};
			name = Debug;
		};
		C938D7DE1D3D12A5004DE681 /* Release */ = {
			isa = XCBuildConfiguration;
			buildSettings = {
				ALWAYS_SEARCH_USER_PATHS = NO;
				CLANG_ANALYZER_NONNULL = YES;
				CLANG_CXX_LANGUAGE_STANDARD = "gnu++0x";
				CLANG_CXX_LIBRARY = "libc++";
				CLANG_ENABLE_MODULES = YES;
				CLANG_ENABLE_OBJC_ARC = YES;
				CLANG_WARN_BLOCK_CAPTURE_AUTORELEASING = YES;
				CLANG_WARN_BOOL_CONVERSION = YES;
				CLANG_WARN_COMMA = YES;
				CLANG_WARN_CONSTANT_CONVERSION = YES;
				CLANG_WARN_DIRECT_OBJC_ISA_USAGE = YES_ERROR;
				CLANG_WARN_EMPTY_BODY = YES;
				CLANG_WARN_ENUM_CONVERSION = YES;
				CLANG_WARN_INFINITE_RECURSION = YES;
				CLANG_WARN_INT_CONVERSION = YES;
				CLANG_WARN_NON_LITERAL_NULL_CONVERSION = YES;
				CLANG_WARN_OBJC_LITERAL_CONVERSION = YES;
				CLANG_WARN_OBJC_ROOT_CLASS = YES_ERROR;
				CLANG_WARN_RANGE_LOOP_ANALYSIS = YES;
				CLANG_WARN_STRICT_PROTOTYPES = YES;
				CLANG_WARN_SUSPICIOUS_MOVE = YES;
				CLANG_WARN_UNREACHABLE_CODE = YES;
				CLANG_WARN__DUPLICATE_METHOD_MATCH = YES;
				"CODE_SIGN_IDENTITY[sdk=iphoneos*]" = "iPhone Developer";
				COPY_PHASE_STRIP = NO;
				DEBUG_INFORMATION_FORMAT = "dwarf-with-dsym";
				ENABLE_NS_ASSERTIONS = NO;
				ENABLE_STRICT_OBJC_MSGSEND = YES;
				GCC_C_LANGUAGE_STANDARD = gnu99;
				GCC_NO_COMMON_BLOCKS = YES;
				GCC_WARN_64_TO_32_BIT_CONVERSION = YES;
				GCC_WARN_ABOUT_RETURN_TYPE = YES_ERROR;
				GCC_WARN_UNDECLARED_SELECTOR = YES;
				GCC_WARN_UNINITIALIZED_AUTOS = YES_AGGRESSIVE;
				GCC_WARN_UNUSED_FUNCTION = YES;
				GCC_WARN_UNUSED_VARIABLE = YES;
				IPHONEOS_DEPLOYMENT_TARGET = 10.0;
				MTL_ENABLE_DEBUG_INFO = NO;
				SDKROOT = iphoneos;
				SWIFT_COMPILATION_MODE = wholemodule;
				SWIFT_OPTIMIZATION_LEVEL = "-O";
				SWIFT_VERSION = 5.0;
				TARGETED_DEVICE_FAMILY = "1,2";
				VALIDATE_PRODUCT = YES;
			};
			name = Release;
		};
		C938D7E01D3D12A5004DE681 /* Debug */ = {
			isa = XCBuildConfiguration;
			buildSettings = {
				ASSETCATALOG_COMPILER_APPICON_NAME = AppIcon;
				DEVELOPMENT_TEAM = 4D2Y57Q3GL;
				INFOPLIST_FILE = RotationInfo/Info.plist;
				IPHONEOS_DEPLOYMENT_TARGET = 8.4;
				LD_RUNPATH_SEARCH_PATHS = (
					"$(inherited)",
					"@executable_path/Frameworks",
				);
				PRODUCT_BUNDLE_IDENTIFIER = com.motsai.RotationInfo;
				PRODUCT_NAME = "$(TARGET_NAME)";
				SWIFT_OBJC_BRIDGING_HEADER = "../../src/Neblina-Bridging-Header.h";
				SWIFT_VERSION = 5.0;
				TARGETED_DEVICE_FAMILY = 1;
			};
			name = Debug;
		};
		C938D7E11D3D12A5004DE681 /* Release */ = {
			isa = XCBuildConfiguration;
			buildSettings = {
				ASSETCATALOG_COMPILER_APPICON_NAME = AppIcon;
				DEVELOPMENT_TEAM = 4D2Y57Q3GL;
				INFOPLIST_FILE = RotationInfo/Info.plist;
				IPHONEOS_DEPLOYMENT_TARGET = 8.4;
				LD_RUNPATH_SEARCH_PATHS = (
					"$(inherited)",
					"@executable_path/Frameworks",
				);
				PRODUCT_BUNDLE_IDENTIFIER = com.motsai.RotationInfo;
				PRODUCT_NAME = "$(TARGET_NAME)";
				SWIFT_OBJC_BRIDGING_HEADER = "../../src/Neblina-Bridging-Header.h";
				SWIFT_VERSION = 5.0;
				TARGETED_DEVICE_FAMILY = 1;
			};
			name = Release;
		};
		C938D7E31D3D12A5004DE681 /* Debug */ = {
			isa = XCBuildConfiguration;
			buildSettings = {
				BUNDLE_LOADER = "$(TEST_HOST)";
				INFOPLIST_FILE = RotationInfoTests/Info.plist;
				LD_RUNPATH_SEARCH_PATHS = (
					"$(inherited)",
					"@executable_path/Frameworks",
					"@loader_path/Frameworks",
				);
				PRODUCT_BUNDLE_IDENTIFIER = com.motsai.RotationInfoTests;
				PRODUCT_NAME = "$(TARGET_NAME)";
				SWIFT_VERSION = 3.0;
				TEST_HOST = "$(BUILT_PRODUCTS_DIR)/RotationInfo.app/RotationInfo";
			};
			name = Debug;
		};
		C938D7E41D3D12A5004DE681 /* Release */ = {
			isa = XCBuildConfiguration;
			buildSettings = {
				BUNDLE_LOADER = "$(TEST_HOST)";
				INFOPLIST_FILE = RotationInfoTests/Info.plist;
				LD_RUNPATH_SEARCH_PATHS = (
					"$(inherited)",
					"@executable_path/Frameworks",
					"@loader_path/Frameworks",
				);
				PRODUCT_BUNDLE_IDENTIFIER = com.motsai.RotationInfoTests;
				PRODUCT_NAME = "$(TARGET_NAME)";
				SWIFT_VERSION = 3.0;
				TEST_HOST = "$(BUILT_PRODUCTS_DIR)/RotationInfo.app/RotationInfo";
			};
			name = Release;
		};
		C938D7E61D3D12A5004DE681 /* Debug */ = {
			isa = XCBuildConfiguration;
			buildSettings = {
				INFOPLIST_FILE = RotationInfoUITests/Info.plist;
				LD_RUNPATH_SEARCH_PATHS = (
					"$(inherited)",
					"@executable_path/Frameworks",
					"@loader_path/Frameworks",
				);
				PRODUCT_BUNDLE_IDENTIFIER = com.motsai.RotationInfoUITests;
				PRODUCT_NAME = "$(TARGET_NAME)";
				SWIFT_VERSION = 3.0;
				TEST_TARGET_NAME = RotationInfo;
			};
			name = Debug;
		};
		C938D7E71D3D12A5004DE681 /* Release */ = {
			isa = XCBuildConfiguration;
			buildSettings = {
				INFOPLIST_FILE = RotationInfoUITests/Info.plist;
				LD_RUNPATH_SEARCH_PATHS = (
					"$(inherited)",
					"@executable_path/Frameworks",
					"@loader_path/Frameworks",
				);
				PRODUCT_BUNDLE_IDENTIFIER = com.motsai.RotationInfoUITests;
				PRODUCT_NAME = "$(TARGET_NAME)";
				SWIFT_VERSION = 3.0;
				TEST_TARGET_NAME = RotationInfo;
			};
			name = Release;
		};
/* End XCBuildConfiguration section */

/* Begin XCConfigurationList section */
		C938D7B21D3D12A5004DE681 /* Build configuration list for PBXProject "RotationInfo" */ = {
			isa = XCConfigurationList;
			buildConfigurations = (
				C938D7DD1D3D12A5004DE681 /* Debug */,
				C938D7DE1D3D12A5004DE681 /* Release */,
			);
			defaultConfigurationIsVisible = 0;
			defaultConfigurationName = Release;
		};
		C938D7DF1D3D12A5004DE681 /* Build configuration list for PBXNativeTarget "RotationInfo" */ = {
			isa = XCConfigurationList;
			buildConfigurations = (
				C938D7E01D3D12A5004DE681 /* Debug */,
				C938D7E11D3D12A5004DE681 /* Release */,
			);
			defaultConfigurationIsVisible = 0;
			defaultConfigurationName = Release;
		};
		C938D7E21D3D12A5004DE681 /* Build configuration list for PBXNativeTarget "RotationInfoTests" */ = {
			isa = XCConfigurationList;
			buildConfigurations = (
				C938D7E31D3D12A5004DE681 /* Debug */,
				C938D7E41D3D12A5004DE681 /* Release */,
			);
			defaultConfigurationIsVisible = 0;
			defaultConfigurationName = Release;
		};
		C938D7E51D3D12A5004DE681 /* Build configuration list for PBXNativeTarget "RotationInfoUITests" */ = {
			isa = XCConfigurationList;
			buildConfigurations = (
				C938D7E61D3D12A5004DE681 /* Debug */,
				C938D7E71D3D12A5004DE681 /* Release */,
			);
			defaultConfigurationIsVisible = 0;
			defaultConfigurationName = Release;
		};
/* End XCConfigurationList section */
	};
	rootObject = C938D7AF1D3D12A5004DE681 /* Project object */;
}
